<Project xmlns="http://schemas.microsoft.com/developer/msbuild/2003">
  <PropertyGroup>
    <ProjectGuid>{95db82a9-9e57-4896-b1a1-6dd22cf8083c}</ProjectGuid>
    <MainSource>TestPointer.dpr</MainSource>
    <Configuration Condition=" '$(Configuration)' == '' ">Debug</Configuration>
    <Platform Condition=" '$(Platform)' == '' ">AnyCPU</Platform>
    <DCC_DCCCompiler>DCC32</DCC_DCCCompiler>
    <DCC_DependencyCheckOutputName>..\..\bin\TestPointer.exe</DCC_DependencyCheckOutputName>
  </PropertyGroup>
  <PropertyGroup Condition=" '$(Configuration)|$(Platform)' == 'Release|AnyCPU' ">
    <Version>7.0</Version>
    <DCC_DebugInformation>False</DCC_DebugInformation>
    <DCC_LocalDebugSymbols>False</DCC_LocalDebugSymbols>
    <DCC_SymbolReferenceInfo>0</DCC_SymbolReferenceInfo>
    <DCC_ExeOutput>..\..\bin</DCC_ExeOutput>
    <DCC_DcuOutput>$(TMP)</DCC_DcuOutput>
    <DCC_ObjOutput>$(TMP)</DCC_ObjOutput>
    <DCC_HppOutput>$(TMP)</DCC_HppOutput>
    <DCC_BplOutput>$(TMP)</DCC_BplOutput>
    <DCC_DcpOutput>$(TMP)</DCC_DcpOutput>
    <DCC_UnitSearchPath>$(TMP);..\..\sources;..\common;..\..\Library\FastMM4;..\..\Library\FastCode;$(comp)\dunit\src</DCC_UnitSearchPath>
    <DCC_ResourcePath>$(TMP);..\..\sources;..\common;..\..\Library\FastMM4;..\..\Library\FastCode;$(comp)\dunit\src</DCC_ResourcePath>
    <DCC_ObjPath>$(TMP);..\..\sources;..\common;..\..\Library\FastMM4;..\..\Library\FastCode;$(comp)\dunit\src</DCC_ObjPath>
    <DCC_IncludePath>$(TMP);..\..\sources;..\common;..\..\Library\FastMM4;..\..\Library\FastCode;$(comp)\dunit\src</DCC_IncludePath>
    <DCC_Define>RELEASE</DCC_Define>
    <DCC_TYPEINFO_IMPLICITLY_ADDED>False</DCC_TYPEINFO_IMPLICITLY_ADDED>
  </PropertyGroup>
  <PropertyGroup Condition=" '$(Configuration)|$(Platform)' == 'Debug|AnyCPU' ">
    <Version>7.0</Version>
    <DCC_ExeOutput>..\..\bin</DCC_ExeOutput>
    <DCC_DcuOutput>$(TMP)</DCC_DcuOutput>
    <DCC_ObjOutput>$(TMP)</DCC_ObjOutput>
    <DCC_HppOutput>$(TMP)</DCC_HppOutput>
    <DCC_BplOutput>$(TMP)</DCC_BplOutput>
    <DCC_DcpOutput>$(TMP)</DCC_DcpOutput>
    <DCC_UnitSearchPath>$(TMP);..\..\sources;..\common;..\..\Library\FastMM4;..\..\Library\FastCode;$(comp)\dunit\src</DCC_UnitSearchPath>
    <DCC_ResourcePath>$(TMP);..\..\sources;..\common;..\..\Library\FastMM4;..\..\Library\FastCode;$(comp)\dunit\src</DCC_ResourcePath>
    <DCC_ObjPath>$(TMP);..\..\sources;..\common;..\..\Library\FastMM4;..\..\Library\FastCode;$(comp)\dunit\src</DCC_ObjPath>
    <DCC_IncludePath>$(TMP);..\..\sources;..\common;..\..\Library\FastMM4;..\..\Library\FastCode;$(comp)\dunit\src</DCC_IncludePath>
    <DCC_Define>DEBUG</DCC_Define>
    <DCC_TYPEINFO_IMPLICITLY_ADDED>False</DCC_TYPEINFO_IMPLICITLY_ADDED>
  </PropertyGroup>
  <ProjectExtensions>
    <Borland.Personality>Delphi.Personality</Borland.Personality>
    <Borland.ProjectType>VCLApplication</Borland.ProjectType>
    <BorlandProject>
<BorlandProject xmlns=""> <Delphi.Personality>   <Parameters>
      <Parameters Name="DebugSourceDirs">..\..\sources;..\..\lib</Parameters>
      <Parameters Name="UseLauncher">False</Parameters>
      <Parameters Name="LoadAllSymbols">True</Parameters>
      <Parameters Name="LoadUnspecifiedSymbols">False</Parameters>
    </Parameters>
    <VersionInfo>
      <VersionInfo Name="IncludeVerInfo">False</VersionInfo>
      <VersionInfo Name="AutoIncBuild">False</VersionInfo>
      <VersionInfo Name="MajorVer">1</VersionInfo>
      <VersionInfo Name="MinorVer">0</VersionInfo>
      <VersionInfo Name="Release">0</VersionInfo>
      <VersionInfo Name="Build">0</VersionInfo>
      <VersionInfo Name="Debug">False</VersionInfo>
      <VersionInfo Name="PreRelease">False</VersionInfo>
      <VersionInfo Name="Special">False</VersionInfo>
      <VersionInfo Name="Private">False</VersionInfo>
      <VersionInfo Name="DLL">False</VersionInfo>
      <VersionInfo Name="Locale">2052</VersionInfo>
      <VersionInfo Name="CodePage">936</VersionInfo>
    </VersionInfo>
    <VersionInfoKeys>
      <VersionInfoKeys Name="CompanyName"></VersionInfoKeys>
      <VersionInfoKeys Name="FileDescription"></VersionInfoKeys>
      <VersionInfoKeys Name="FileVersion">1.0.0.0</VersionInfoKeys>
      <VersionInfoKeys Name="InternalName"></VersionInfoKeys>
      <VersionInfoKeys Name="LegalCopyright"></VersionInfoKeys>
      <VersionInfoKeys Name="LegalTrademarks"></VersionInfoKeys>
      <VersionInfoKeys Name="OriginalFilename"></VersionInfoKeys>
      <VersionInfoKeys Name="ProductName"></VersionInfoKeys>
      <VersionInfoKeys Name="ProductVersion">1.0.0.0</VersionInfoKeys>
      <VersionInfoKeys Name="Comments"></VersionInfoKeys>
    </VersionInfoKeys>
    <Excluded_Packages>
      <Excluded_Packages Name="$(BDS)\bin\applet100.bpl">CodeGear Control Panel Applet Package</Excluded_Packages>
      <Excluded_Packages Name="$(BDS)\bin\dcl31w100.bpl">Delphi 1.0 Compatibility Components</Excluded_Packages>
      <Excluded_Packages Name="$(BDS)\bin\dclact100.bpl">CodeGear ActionBar Components</Excluded_Packages>
      <Excluded_Packages Name="$(BDS)\bin\dclbde100.bpl">CodeGear BDE DB Components</Excluded_Packages>
      <Excluded_Packages Name="$(BDS)\bin\dclmlwiz100.bpl">CodeGear Markup Language Wizards</Excluded_Packages>
      <Excluded_Packages Name="$(BDS)\bin\dcldbxcds4100.bpl">CodeGear SimpleDataset Component (DBX)</Excluded_Packages>
      <Excluded_Packages Name="$(BDS)\bin\dclmcn100.bpl">CodeGear DataSnap Connection Components</Excluded_Packages>
      <Excluded_Packages Name="$(BDS)\bin\dclmid100.bpl">CodeGear MyBase DataAccess Components</Excluded_Packages>
      <Excluded_Packages Name="$(BDS)\bin\dcltee7100.bpl">TeeChart Components</Excluded_Packages>
      <Excluded_Packages Name="$(BDS)\Bin\dclib100.bpl">Borland InterBase Express Components</Excluded_Packages>
      <Excluded_Packages Name="$(BDS)\bin\dclado100.bpl">CodeGear ADO DB Components</Excluded_Packages>
      <Excluded_Packages Name="$(BDS)\bin\dcldbx4100.bpl">CodeGear dbExpress Components</Excluded_Packages>
      <Excluded_Packages Name="$(BDS)\Bin\dclIndyCore100.bpl">Indy 10 Core Design Time</Excluded_Packages>
      <Excluded_Packages Name="$(BDS)\Bin\dclIndyProtocols100.bpl">Indy 10 Protocols Design Time</Excluded_Packages>
      <Excluded_Packages Name="$(BDS)\Bin\dclintraweb_90_100.bpl">VCL for the Web 9.0 Design Package for CodeGear RAD Studio</Excluded_Packages>
      <Excluded_Packages Name="$(BDS)\bin\dclsmp100.bpl">CodeGear Sample Components</Excluded_Packages>
      <Excluded_Packages Name="$(BDS)\bin\dclie100.bpl">Internet Explorer Components</Excluded_Packages>
      <Excluded_Packages Name="$(BDS)\bin\dclwebsnap100.bpl">CodeGear WebSnap Components</Excluded_Packages>
      <Excluded_Packages Name="$(BDS)\bin\dclnet100.bpl">CodeGear Internet Components</Excluded_Packages>
      <Excluded_Packages Name="$(BDS)\bin\dclsoap100.bpl">CodeGear SOAP Components</Excluded_Packages>
      <Excluded_Packages Name="$(BDS)\bin\dclofficexp100.bpl">Microsoft Office XP Sample Automation Server Wrapper Components</Excluded_Packages>
    </Excluded_Packages>
    <Source>
      <Source Name="MainSource">TestPointer.dpr</Source>
    </Source>
  </Delphi.Personality> </BorlandProject></BorlandProject>
  </ProjectExtensions>
  <ItemGroup />
  <ItemGroup>
    <DelphiCompile Include="TestPointer.dpr">
      <MainSource>MainSource</MainSource>
    </DelphiCompile>
    <DCCReference Include="TestctsPointerStructure.pas" />
  </ItemGroup>
  <Import Project="$(MSBuildBinPath)\Borland.Delphi.Targets" />
</Project>